
Microsoft Visual Studio Solution File, Format Version 12.00
# Visual Studio Version 17
VisualStudioVersion = 17.4.33122.133
MinimumVisualStudioVersion = 10.0.40219.1
Project("{FAE04EC0-301F-11D3-BF4B-00C04F79EFBC}") = "DurantoBus", "DurantoBus\DurantoBus.csproj", "{AFF3E67D-BAFF-4B9C-BB57-7CA19B456B5C}"
EndProject
Global
	GlobalSection(SolutionConfigurationPlatforms) = preSolution
		Debug|Any CPU = Debug|Any CPU
		Release|Any CPU = Release|Any CPU
	EndGlobalSection
	GlobalSection(ProjectConfigurationPlatforms) = postSolution
		{AFF3E67D-BAFF-4B9C-BB57-7CA19B456B5C}.Debug|Any CPU.ActiveCfg = Debug|Any CPU
		{AFF3E67D-BAFF-4B9C-BB57-7CA19B456B5C}.Debug|Any CPU.Build.0 = Debug|Any CPU
		{AFF3E67D-BAFF-4B9C-BB57-7CA19B456B5C}.Release|Any CPU.ActiveCfg = Release|Any CPU
		{AFF3E67D-BAFF-4B9C-BB57-7CA19B456B5C}.Release|Any CPU.Build.0 = Release|Any CPU
	EndGlobalSection
	GlobalSection(SolutionProperties) = preSolution
		HideSolutionNode = FALSE
	EndGlobalSection
	GlobalSection(ExtensibilityGlobals) = postSolution
		SolutionGuid = {29CEBBB6-AFAC-467E-99AE-81C1B2404FAF}
	EndGlobalSection
EndGlobal
